
Microsoft Visual Studio Solution File, Format Version 12.00
# Visual Studio Version 17
VisualStudioVersion = 17.4.33205.214
MinimumVisualStudioVersion = 10.0.40219.1
Project("{8BC9CEB8-8B4A-11D0-8D11-00A0C91BC942}") = "OOP pract 7", "OOP pract 7\OOP pract 7.vcxproj", "{CAADC60F-064E-44EC-A33D-B3887EEF7A6B}"
EndProject
Global
	GlobalSection(SolutionConfigurationPlatforms) = preSolution
		Debug|x64 = Debug|x64
		Debug|x86 = Debug|x86
		Release|x64 = Release|x64
		Release|x86 = Release|x86
	EndGlobalSection
	GlobalSection(ProjectConfigurationPlatforms) = postSolution
		{CAADC60F-064E-44EC-A33D-B3887EEF7A6B}.Debug|x64.ActiveCfg = Debug|x64
		{CAADC60F-064E-44EC-A33D-B3887EEF7A6B}.Debug|x64.Build.0 = Debug|x64
		{CAADC60F-064E-44EC-A33D-B3887EEF7A6B}.Debug|x86.ActiveCfg = Debug|Win32
		{CAADC60F-064E-44EC-A33D-B3887EEF7A6B}.Debug|x86.Build.0 = Debug|Win32
		{CAADC60F-064E-44EC-A33D-B3887EEF7A6B}.Release|x64.ActiveCfg = Release|x64
		{CAADC60F-064E-44EC-A33D-B3887EEF7A6B}.Release|x64.Build.0 = Release|x64
		{CAADC60F-064E-44EC-A33D-B3887EEF7A6B}.Release|x86.ActiveCfg = Release|Win32
		{CAADC60F-064E-44EC-A33D-B3887EEF7A6B}.Release|x86.Build.0 = Release|Win32
	EndGlobalSection
	GlobalSection(SolutionProperties) = preSolution
		HideSolutionNode = FALSE
	EndGlobalSection
	GlobalSection(ExtensibilityGlobals) = postSolution
		SolutionGuid = {9B004799-6703-4D7E-B4C2-ED009066952A}
	EndGlobalSection
EndGlobal
